
Microsoft Visual Studio Solution File, Format Version 12.00
# Visual Studio 14
VisualStudioVersion = 14.0.23107.0
MinimumVisualStudioVersion = 10.0.40219.1
Project("{FAE04EC0-301F-11D3-BF4B-00C04F79EFBC}") = "machineUI", "machineUI.csproj", "{006D3DDD-479D-4983-A5BC-87BA11576BEA}"
EndProject
Project("{FAE04EC0-301F-11D3-BF4B-00C04F79EFBC}") = "machineClassLibrary", "..\machineClassLibrary\machineClassLibrary.csproj", "{10CB1DC1-9CD4-49D5-ADB0-200473263E0B}"
EndProject
Global
	GlobalSection(SolutionConfigurationPlatforms) = preSolution
		Debug|Any CPU = Debug|Any CPU
		Debug|x64 = Debug|x64
		Release|Any CPU = Release|Any CPU
		Release|x64 = Release|x64
	EndGlobalSection
	GlobalSection(ProjectConfigurationPlatforms) = postSolution
		{006D3DDD-479D-4983-A5BC-87BA11576BEA}.Debug|Any CPU.ActiveCfg = Debug|Any CPU
		{006D3DDD-479D-4983-A5BC-87BA11576BEA}.Debug|Any CPU.Build.0 = Debug|Any CPU
		{006D3DDD-479D-4983-A5BC-87BA11576BEA}.Debug|x64.ActiveCfg = Debug|x64
		{006D3DDD-479D-4983-A5BC-87BA11576BEA}.Debug|x64.Build.0 = Debug|x64
		{006D3DDD-479D-4983-A5BC-87BA11576BEA}.Release|Any CPU.ActiveCfg = Release|Any CPU
		{006D3DDD-479D-4983-A5BC-87BA11576BEA}.Release|Any CPU.Build.0 = Release|Any CPU
		{006D3DDD-479D-4983-A5BC-87BA11576BEA}.Release|x64.ActiveCfg = Release|x64
		{006D3DDD-479D-4983-A5BC-87BA11576BEA}.Release|x64.Build.0 = Release|x64
		{10CB1DC1-9CD4-49D5-ADB0-200473263E0B}.Debug|Any CPU.ActiveCfg = Debug|Any CPU
		{10CB1DC1-9CD4-49D5-ADB0-200473263E0B}.Debug|Any CPU.Build.0 = Debug|Any CPU
		{10CB1DC1-9CD4-49D5-ADB0-200473263E0B}.Debug|x64.ActiveCfg = Debug|x64
		{10CB1DC1-9CD4-49D5-ADB0-200473263E0B}.Debug|x64.Build.0 = Debug|x64
		{10CB1DC1-9CD4-49D5-ADB0-200473263E0B}.Release|Any CPU.ActiveCfg = Release|Any CPU
		{10CB1DC1-9CD4-49D5-ADB0-200473263E0B}.Release|Any CPU.Build.0 = Release|Any CPU
		{10CB1DC1-9CD4-49D5-ADB0-200473263E0B}.Release|x64.ActiveCfg = Release|x64
		{10CB1DC1-9CD4-49D5-ADB0-200473263E0B}.Release|x64.Build.0 = Release|x64
	EndGlobalSection
	GlobalSection(SolutionProperties) = preSolution
		HideSolutionNode = FALSE
	EndGlobalSection
EndGlobal
